
Microsoft Visual Studio Solution File, Format Version 12.00
# Visual Studio 14
VisualStudioVersion = 14.0.25123.0
MinimumVisualStudioVersion = 10.0.40219.1
Project("{FAE04EC0-301F-11D3-BF4B-00C04F79EFBC}") = "DL.Web", "DL\DL.Web.csproj", "{43F41853-7982-4DB2-B961-888A42B85B63}"
EndProject
Project("{FAE04EC0-301F-11D3-BF4B-00C04F79EFBC}") = "DL.Tests", "DL.Tests\DL.Tests.csproj", "{D298BAD2-94F8-431C-BDD9-087020B01497}"
EndProject
Project("{FAE04EC0-301F-11D3-BF4B-00C04F79EFBC}") = "DL.Models", "DL.Models\DL.Models.csproj", "{EECEF445-AF47-4067-AAF1-8DD3F77AE6EB}"
EndProject
Global
	GlobalSection(SolutionConfigurationPlatforms) = preSolution
		Debug|Any CPU = Debug|Any CPU
		Release|Any CPU = Release|Any CPU
	EndGlobalSection
	GlobalSection(ProjectConfigurationPlatforms) = postSolution
		{43F41853-7982-4DB2-B961-888A42B85B63}.Debug|Any CPU.ActiveCfg = Debug|Any CPU
		{43F41853-7982-4DB2-B961-888A42B85B63}.Debug|Any CPU.Build.0 = Debug|Any CPU
		{43F41853-7982-4DB2-B961-888A42B85B63}.Release|Any CPU.ActiveCfg = Release|Any CPU
		{43F41853-7982-4DB2-B961-888A42B85B63}.Release|Any CPU.Build.0 = Release|Any CPU
		{D298BAD2-94F8-431C-BDD9-087020B01497}.Debug|Any CPU.ActiveCfg = Debug|Any CPU
		{D298BAD2-94F8-431C-BDD9-087020B01497}.Debug|Any CPU.Build.0 = Debug|Any CPU
		{D298BAD2-94F8-431C-BDD9-087020B01497}.Release|Any CPU.ActiveCfg = Release|Any CPU
		{D298BAD2-94F8-431C-BDD9-087020B01497}.Release|Any CPU.Build.0 = Release|Any CPU
		{EECEF445-AF47-4067-AAF1-8DD3F77AE6EB}.Debug|Any CPU.ActiveCfg = Debug|Any CPU
		{EECEF445-AF47-4067-AAF1-8DD3F77AE6EB}.Debug|Any CPU.Build.0 = Debug|Any CPU
		{EECEF445-AF47-4067-AAF1-8DD3F77AE6EB}.Release|Any CPU.ActiveCfg = Release|Any CPU
		{EECEF445-AF47-4067-AAF1-8DD3F77AE6EB}.Release|Any CPU.Build.0 = Release|Any CPU
	EndGlobalSection
	GlobalSection(SolutionProperties) = preSolution
		HideSolutionNode = FALSE
	EndGlobalSection
EndGlobal
